
Microsoft Visual Studio Solution File, Format Version 10.00
# Visual Studio 2008
Project("{FAE04EC0-301F-11D3-BF4B-00C04F79EFBC}") = "products Management", "products Management\products Management.csproj", "{AED9BC12-A2B4-4804-8FD4-62120844E57D}"
EndProject
Global
	GlobalSection(SolutionConfigurationPlatforms) = preSolution
		Debug|Any CPU = Debug|Any CPU
		Release|Any CPU = Release|Any CPU
	EndGlobalSection
	GlobalSection(ProjectConfigurationPlatforms) = postSolution
		{AED9BC12-A2B4-4804-8FD4-62120844E57D}.Debug|Any CPU.ActiveCfg = Debug|Any CPU
		{AED9BC12-A2B4-4804-8FD4-62120844E57D}.Debug|Any CPU.Build.0 = Debug|Any CPU
		{AED9BC12-A2B4-4804-8FD4-62120844E57D}.Release|Any CPU.ActiveCfg = Release|Any CPU
		{AED9BC12-A2B4-4804-8FD4-62120844E57D}.Release|Any CPU.Build.0 = Release|Any CPU
	EndGlobalSection
	GlobalSection(SolutionProperties) = preSolution
		HideSolutionNode = FALSE
	EndGlobalSection
EndGlobal
